
Microsoft Visual Studio Solution File, Format Version 12.00
# Visual Studio Version 17
VisualStudioVersion = 17.5.33530.505
MinimumVisualStudioVersion = 10.0.40219.1
Project("{FAE04EC0-301F-11D3-BF4B-00C04F79EFBC}") = "WebApplication1", "WebApplication1\WebApplication1.csproj", "{B04C8AC3-7090-4224-A462-F28AA91B052A}"
EndProject
Global
	GlobalSection(SolutionConfigurationPlatforms) = preSolution
		Debug|Any CPU = Debug|Any CPU
		Release|Any CPU = Release|Any CPU
	EndGlobalSection
	GlobalSection(ProjectConfigurationPlatforms) = postSolution
		{B04C8AC3-7090-4224-A462-F28AA91B052A}.Debug|Any CPU.ActiveCfg = Debug|Any CPU
		{B04C8AC3-7090-4224-A462-F28AA91B052A}.Debug|Any CPU.Build.0 = Debug|Any CPU
		{B04C8AC3-7090-4224-A462-F28AA91B052A}.Release|Any CPU.ActiveCfg = Release|Any CPU
		{B04C8AC3-7090-4224-A462-F28AA91B052A}.Release|Any CPU.Build.0 = Release|Any CPU
	EndGlobalSection
	GlobalSection(SolutionProperties) = preSolution
		HideSolutionNode = FALSE
	EndGlobalSection
	GlobalSection(ExtensibilityGlobals) = postSolution
		SolutionGuid = {6F728C4D-4E46-4EC8-B3D0-00204178B91C}
	EndGlobalSection
EndGlobal
